
Microsoft Visual Studio Solution File, Format Version 12.00
# Visual Studio Version 16
VisualStudioVersion = 16.0.30413.136
MinimumVisualStudioVersion = 10.0.40219.1
Project("{FAE04EC0-301F-11D3-BF4B-00C04F79EFBC}") = "Atividade02", "Atividade02\Atividade02.csproj", "{18B177D8-231B-4CBC-A399-0A361A94C697}"
EndProject
Global
	GlobalSection(SolutionConfigurationPlatforms) = preSolution
		Debug|Any CPU = Debug|Any CPU
		Release|Any CPU = Release|Any CPU
	EndGlobalSection
	GlobalSection(ProjectConfigurationPlatforms) = postSolution
		{18B177D8-231B-4CBC-A399-0A361A94C697}.Debug|Any CPU.ActiveCfg = Debug|Any CPU
		{18B177D8-231B-4CBC-A399-0A361A94C697}.Debug|Any CPU.Build.0 = Debug|Any CPU
		{18B177D8-231B-4CBC-A399-0A361A94C697}.Release|Any CPU.ActiveCfg = Release|Any CPU
		{18B177D8-231B-4CBC-A399-0A361A94C697}.Release|Any CPU.Build.0 = Release|Any CPU
	EndGlobalSection
	GlobalSection(SolutionProperties) = preSolution
		HideSolutionNode = FALSE
	EndGlobalSection
	GlobalSection(ExtensibilityGlobals) = postSolution
		SolutionGuid = {5F115980-87ED-4C2B-B488-DEB69182DD3E}
	EndGlobalSection
EndGlobal
