
Microsoft Visual Studio Solution File, Format Version 12.00
# Visual Studio Version 16
VisualStudioVersion = 16.0.30413.136
MinimumVisualStudioVersion = 10.0.40219.1
Project("{FAE04EC0-301F-11D3-BF4B-00C04F79EFBC}") = "Atividade01", "Atividade01\Atividade01.csproj", "{E74EFA37-D1CB-44CA-9512-7C9E97A90E69}"
EndProject
Global
	GlobalSection(SolutionConfigurationPlatforms) = preSolution
		Debug|Any CPU = Debug|Any CPU
		Release|Any CPU = Release|Any CPU
	EndGlobalSection
	GlobalSection(ProjectConfigurationPlatforms) = postSolution
		{E74EFA37-D1CB-44CA-9512-7C9E97A90E69}.Debug|Any CPU.ActiveCfg = Debug|Any CPU
		{E74EFA37-D1CB-44CA-9512-7C9E97A90E69}.Debug|Any CPU.Build.0 = Debug|Any CPU
		{E74EFA37-D1CB-44CA-9512-7C9E97A90E69}.Release|Any CPU.ActiveCfg = Release|Any CPU
		{E74EFA37-D1CB-44CA-9512-7C9E97A90E69}.Release|Any CPU.Build.0 = Release|Any CPU
	EndGlobalSection
	GlobalSection(SolutionProperties) = preSolution
		HideSolutionNode = FALSE
	EndGlobalSection
	GlobalSection(ExtensibilityGlobals) = postSolution
		SolutionGuid = {BB507672-1B2F-4521-B530-05891D1BA975}
	EndGlobalSection
EndGlobal
